
Microsoft Visual Studio Solution File, Format Version 12.00
# Visual Studio Version 16
VisualStudioVersion = 16.0.33027.164
MinimumVisualStudioVersion = 10.0.40219.1
Project("{9A19103F-16F7-4668-BE54-9A1E7A4F7556}") = "hidayah-collage", "hidayah-collage.csproj", "{5D473E12-C1B0-432A-BA04-AA843681226B}"
EndProject
Global
	GlobalSection(SolutionConfigurationPlatforms) = preSolution
		Debug|Any CPU = Debug|Any CPU
		Release|Any CPU = Release|Any CPU
	EndGlobalSection
	GlobalSection(ProjectConfigurationPlatforms) = postSolution
		{5D473E12-C1B0-432A-BA04-AA843681226B}.Debug|Any CPU.ActiveCfg = Debug|Any CPU
		{5D473E12-C1B0-432A-BA04-AA843681226B}.Debug|Any CPU.Build.0 = Debug|Any CPU
		{5D473E12-C1B0-432A-BA04-AA843681226B}.Release|Any CPU.ActiveCfg = Release|Any CPU
		{5D473E12-C1B0-432A-BA04-AA843681226B}.Release|Any CPU.Build.0 = Release|Any CPU
	EndGlobalSection
	GlobalSection(SolutionProperties) = preSolution
		HideSolutionNode = FALSE
	EndGlobalSection
	GlobalSection(ExtensibilityGlobals) = postSolution
		SolutionGuid = {5A1967CE-8C44-49D5-829D-2A86E2E975AC}
	EndGlobalSection
EndGlobal
